// !$*UTF8*$!
{
	archiveVersion = 1;
	classes = {
	};
	objectVersion = 56;
	objects = {

/* Begin PBXBuildFile section */
		1804C13B291265B400E31F51 /* BaseViewController.swift in Sources */ = {isa = PBXBuildFile; fileRef = 1804C13A291265B400E31F51 /* BaseViewController.swift */; };
		1804C13D291265BA00E31F51 /* BaseView.swift in Sources */ = {isa = PBXBuildFile; fileRef = 1804C13C291265BA00E31F51 /* BaseView.swift */; };
		1804C13F2912673600E31F51 /* MainView.swift in Sources */ = {isa = PBXBuildFile; fileRef = 1804C13E2912673600E31F51 /* MainView.swift */; };
		18AA12C6290FDA9E00074253 /* Alamofire in Frameworks */ = {isa = PBXBuildFile; productRef = 18AA12C5290FDA9E00074253 /* Alamofire */; };
		18AA1304290FED0700074253 /* MainViewModel.swift in Sources */ = {isa = PBXBuildFile; fileRef = 18AA1303290FED0700074253 /* MainViewModel.swift */; };
		18AA1307290FF4D100074253 /* RxCocoa in Frameworks */ = {isa = PBXBuildFile; productRef = 18AA1306290FF4D100074253 /* RxCocoa */; };
		18AA1309290FF4D100074253 /* RxSwift in Frameworks */ = {isa = PBXBuildFile; productRef = 18AA1308290FF4D100074253 /* RxSwift */; };
		18B39FCF290BD2030020B475 /* AppDelegate.swift in Sources */ = {isa = PBXBuildFile; fileRef = 18B39FCE290BD2030020B475 /* AppDelegate.swift */; };
		18B39FD1290BD2030020B475 /* SceneDelegate.swift in Sources */ = {isa = PBXBuildFile; fileRef = 18B39FD0290BD2030020B475 /* SceneDelegate.swift */; };
		18B39FD3290BD2030020B475 /* MainViewController.swift in Sources */ = {isa = PBXBuildFile; fileRef = 18B39FD2290BD2030020B475 /* MainViewController.swift */; };
		18B39FD8290BD2040020B475 /* Assets.xcassets in Resources */ = {isa = PBXBuildFile; fileRef = 18B39FD7290BD2040020B475 /* Assets.xcassets */; };
		18B39FDB290BD2040020B475 /* LaunchScreen.storyboard in Resources */ = {isa = PBXBuildFile; fileRef = 18B39FD9290BD2040020B475 /* LaunchScreen.storyboard */; };
		18C8CE3A290D11D50041E3BA /* LottoAPIManager.swift in Sources */ = {isa = PBXBuildFile; fileRef = 18C8CE39290D11D50041E3BA /* LottoAPIManager.swift */; };
		18D1A46A290F8F88009FBD65 /* Lotto.swift in Sources */ = {isa = PBXBuildFile; fileRef = 18D1A469290F8F88009FBD65 /* Lotto.swift */; };
		18D1A46C290F940D009FBD65 /* PersonAPIManager.swift in Sources */ = {isa = PBXBuildFile; fileRef = 18D1A46B290F940D009FBD65 /* PersonAPIManager.swift */; };
		18D1A46E290F94D7009FBD65 /* Person.swift in Sources */ = {isa = PBXBuildFile; fileRef = 18D1A46D290F94D7009FBD65 /* Person.swift */; };
		18D1A479290FB5C4009FBD65 /* APIKey.swift in Sources */ = {isa = PBXBuildFile; fileRef = 18D1A478290FB5C4009FBD65 /* APIKey.swift */; };
		18D1A47B290FB692009FBD65 /* Observable.swift in Sources */ = {isa = PBXBuildFile; fileRef = 18D1A47A290FB692009FBD65 /* Observable.swift */; };
		18D1A47D290FB6B8009FBD65 /* APIService.swift in Sources */ = {isa = PBXBuildFile; fileRef = 18D1A47C290FB6B8009FBD65 /* APIService.swift */; };
		18D1A484290FB989009FBD65 /* SnapKit in Frameworks */ = {isa = PBXBuildFile; productRef = 18D1A483290FB989009FBD65 /* SnapKit */; };
		18D1A486290FBF63009FBD65 /* ListPhoto.swift in Sources */ = {isa = PBXBuildFile; fileRef = 18D1A485290FBF63009FBD65 /* ListPhoto.swift */; };
/* End PBXBuildFile section */

/* Begin PBXContainerItemProxy section */
		18B39FE2290BD2040020B475 /* PBXContainerItemProxy */ = {
			isa = PBXContainerItemProxy;
			containerPortal = 18B39FC3290BD2030020B475 /* Project object */;
			proxyType = 1;
			remoteGlobalIDString = 18B39FCA290BD2030020B475;
			remoteInfo = Unsplash;
		};
		18B39FEC290BD2040020B475 /* PBXContainerItemProxy */ = {
			isa = PBXContainerItemProxy;
			containerPortal = 18B39FC3290BD2030020B475 /* Project object */;
			proxyType = 1;
			remoteGlobalIDString = 18B39FCA290BD2030020B475;
			remoteInfo = Unsplash;
		};
/* End PBXContainerItemProxy section */

/* Begin PBXFileReference section */
		1804C13A291265B400E31F51 /* BaseViewController.swift */ = {isa = PBXFileReference; lastKnownFileType = sourcecode.swift; path = BaseViewController.swift; sourceTree = "<group>"; };
		1804C13C291265BA00E31F51 /* BaseView.swift */ = {isa = PBXFileReference; lastKnownFileType = sourcecode.swift; path = BaseView.swift; sourceTree = "<group>"; };
		1804C13E2912673600E31F51 /* MainView.swift */ = {isa = PBXFileReference; lastKnownFileType = sourcecode.swift; path = MainView.swift; sourceTree = "<group>"; };
		18AA1303290FED0700074253 /* MainViewModel.swift */ = {isa = PBXFileReference; lastKnownFileType = sourcecode.swift; path = MainViewModel.swift; sourceTree = "<group>"; };
		18B39FCB290BD2030020B475 /* Unsplash.app */ = {isa = PBXFileReference; explicitFileType = wrapper.application; includeInIndex = 0; path = Unsplash.app; sourceTree = BUILT_PRODUCTS_DIR; };
		18B39FCE290BD2030020B475 /* AppDelegate.swift */ = {isa = PBXFileReference; lastKnownFileType = sourcecode.swift; path = AppDelegate.swift; sourceTree = "<group>"; };
		18B39FD0290BD2030020B475 /* SceneDelegate.swift */ = {isa = PBXFileReference; lastKnownFileType = sourcecode.swift; path = SceneDelegate.swift; sourceTree = "<group>"; };
		18B39FD2290BD2030020B475 /* MainViewController.swift */ = {isa = PBXFileReference; lastKnownFileType = sourcecode.swift; path = MainViewController.swift; sourceTree = "<group>"; };
		18B39FD7290BD2040020B475 /* Assets.xcassets */ = {isa = PBXFileReference; lastKnownFileType = folder.assetcatalog; path = Assets.xcassets; sourceTree = "<group>"; };
		18B39FDA290BD2040020B475 /* Base */ = {isa = PBXFileReference; lastKnownFileType = file.storyboard; name = Base; path = Base.lproj/LaunchScreen.storyboard; sourceTree = "<group>"; };
		18B39FDC290BD2040020B475 /* Info.plist */ = {isa = PBXFileReference; lastKnownFileType = text.plist.xml; path = Info.plist; sourceTree = "<group>"; };
		18B39FE1290BD2040020B475 /* UnsplashTests.xctest */ = {isa = PBXFileReference; explicitFileType = wrapper.cfbundle; includeInIndex = 0; path = UnsplashTests.xctest; sourceTree = BUILT_PRODUCTS_DIR; };
		18B39FEB290BD2040020B475 /* UnsplashUITests.xctest */ = {isa = PBXFileReference; explicitFileType = wrapper.cfbundle; includeInIndex = 0; path = UnsplashUITests.xctest; sourceTree = BUILT_PRODUCTS_DIR; };
		18C8CE39290D11D50041E3BA /* LottoAPIManager.swift */ = {isa = PBXFileReference; lastKnownFileType = sourcecode.swift; path = LottoAPIManager.swift; sourceTree = "<group>"; };
		18D1A469290F8F88009FBD65 /* Lotto.swift */ = {isa = PBXFileReference; lastKnownFileType = sourcecode.swift; path = Lotto.swift; sourceTree = "<group>"; };
		18D1A46B290F940D009FBD65 /* PersonAPIManager.swift */ = {isa = PBXFileReference; lastKnownFileType = sourcecode.swift; path = PersonAPIManager.swift; sourceTree = "<group>"; };
		18D1A46D290F94D7009FBD65 /* Person.swift */ = {isa = PBXFileReference; lastKnownFileType = sourcecode.swift; path = Person.swift; sourceTree = "<group>"; };
		18D1A478290FB5C4009FBD65 /* APIKey.swift */ = {isa = PBXFileReference; lastKnownFileType = sourcecode.swift; path = APIKey.swift; sourceTree = "<group>"; };
		18D1A47A290FB692009FBD65 /* Observable.swift */ = {isa = PBXFileReference; lastKnownFileType = sourcecode.swift; path = Observable.swift; sourceTree = "<group>"; };
		18D1A47C290FB6B8009FBD65 /* APIService.swift */ = {isa = PBXFileReference; lastKnownFileType = sourcecode.swift; path = APIService.swift; sourceTree = "<group>"; };
		18D1A485290FBF63009FBD65 /* ListPhoto.swift */ = {isa = PBXFileReference; lastKnownFileType = sourcecode.swift; path = ListPhoto.swift; sourceTree = "<group>"; };
/* End PBXFileReference section */

/* Begin PBXFrameworksBuildPhase section */
		18B39FC8290BD2030020B475 /* Frameworks */ = {
			isa = PBXFrameworksBuildPhase;
			buildActionMask = 2147483647;
			files = (
				18AA1307290FF4D100074253 /* RxCocoa in Frameworks */,
				18D1A484290FB989009FBD65 /* SnapKit in Frameworks */,
				18AA1309290FF4D100074253 /* RxSwift in Frameworks */,
				18AA12C6290FDA9E00074253 /* Alamofire in Frameworks */,
			);
			runOnlyForDeploymentPostprocessing = 0;
		};
		18B39FDE290BD2040020B475 /* Frameworks */ = {
			isa = PBXFrameworksBuildPhase;
			buildActionMask = 2147483647;
			files = (
			);
			runOnlyForDeploymentPostprocessing = 0;
		};
		18B39FE8290BD2040020B475 /* Frameworks */ = {
			isa = PBXFrameworksBuildPhase;
			buildActionMask = 2147483647;
			files = (
			);
			runOnlyForDeploymentPostprocessing = 0;
		};
/* End PBXFrameworksBuildPhase section */

/* Begin PBXGroup section */
		1804C139291265AB00E31F51 /* Base */ = {
			isa = PBXGroup;
			children = (
				1804C13A291265B400E31F51 /* BaseViewController.swift */,
				1804C13C291265BA00E31F51 /* BaseView.swift */,
			);
			path = Base;
			sourceTree = "<group>";
		};
		18B39FC2290BD2030020B475 = {
			isa = PBXGroup;
			children = (
				18B39FCD290BD2030020B475 /* Unsplash */,
				18B39FCC290BD2030020B475 /* Products */,
			);
			sourceTree = "<group>";
		};
		18B39FCC290BD2030020B475 /* Products */ = {
			isa = PBXGroup;
			children = (
				18B39FCB290BD2030020B475 /* Unsplash.app */,
				18B39FE1290BD2040020B475 /* UnsplashTests.xctest */,
				18B39FEB290BD2040020B475 /* UnsplashUITests.xctest */,
			);
			name = Products;
			sourceTree = "<group>";
		};
		18B39FCD290BD2030020B475 /* Unsplash */ = {
			isa = PBXGroup;
			children = (
				18B39FDC290BD2040020B475 /* Info.plist */,
				18C8CE38290D0BA40041E3BA /* Sources */,
				18B39FFE290BD28E0020B475 /* Resources */,
			);
			path = Unsplash;
			sourceTree = "<group>";
		};
		18B39FFE290BD28E0020B475 /* Resources */ = {
			isa = PBXGroup;
			children = (
				18B39FCE290BD2030020B475 /* AppDelegate.swift */,
				18B39FD7290BD2040020B475 /* Assets.xcassets */,
				18B39FD9290BD2040020B475 /* LaunchScreen.storyboard */,
				18B39FD0290BD2030020B475 /* SceneDelegate.swift */,
			);
			path = Resources;
			sourceTree = "<group>";
		};
		18C8CE36290D0B810041E3BA /* ViewModel */ = {
			isa = PBXGroup;
			children = (
				18AA1303290FED0700074253 /* MainViewModel.swift */,
			);
			path = ViewModel;
			sourceTree = "<group>";
		};
		18C8CE37290D0B870041E3BA /* Views */ = {
			isa = PBXGroup;
			children = (
				1804C13E2912673600E31F51 /* MainView.swift */,
				18D1A46F290FAA42009FBD65 /* ViewController */,
			);
			path = Views;
			sourceTree = "<group>";
		};
		18C8CE38290D0BA40041E3BA /* Sources */ = {
			isa = PBXGroup;
			children = (
				1804C139291265AB00E31F51 /* Base */,
				18D1A487290FC08F009FBD65 /* Model */,
				18D1A481290FB6F6009FBD65 /* New Group */,
				18D1A470290FAA67009FBD65 /* APIServices */,
				18C8CE37290D0B870041E3BA /* Views */,
				18C8CE36290D0B810041E3BA /* ViewModel */,
			);
			path = Sources;
			sourceTree = "<group>";
		};
		18D1A46F290FAA42009FBD65 /* ViewController */ = {
			isa = PBXGroup;
			children = (
				18B39FD2290BD2030020B475 /* MainViewController.swift */,
			);
			path = ViewController;
			sourceTree = "<group>";
		};
		18D1A470290FAA67009FBD65 /* APIServices */ = {
			isa = PBXGroup;
			children = (
				18D1A47A290FB692009FBD65 /* Observable.swift */,
				18D1A478290FB5C4009FBD65 /* APIKey.swift */,
				18D1A47C290FB6B8009FBD65 /* APIService.swift */,
			);
			path = APIServices;
			sourceTree = "<group>";
		};
		18D1A481290FB6F6009FBD65 /* New Group */ = {
			isa = PBXGroup;
			children = (
				18D1A46B290F940D009FBD65 /* PersonAPIManager.swift */,
				18D1A46D290F94D7009FBD65 /* Person.swift */,
				18D1A469290F8F88009FBD65 /* Lotto.swift */,
				18C8CE39290D11D50041E3BA /* LottoAPIManager.swift */,
			);
			path = "New Group";
			sourceTree = "<group>";
		};
		18D1A487290FC08F009FBD65 /* Model */ = {
			isa = PBXGroup;
			children = (
				18D1A485290FBF63009FBD65 /* ListPhoto.swift */,
			);
			path = Model;
			sourceTree = "<group>";
		};
/* End PBXGroup section */

/* Begin PBXNativeTarget section */
		18B39FCA290BD2030020B475 /* Unsplash */ = {
			isa = PBXNativeTarget;
			buildConfigurationList = 18B39FF5290BD2040020B475 /* Build configuration list for PBXNativeTarget "Unsplash" */;
			buildPhases = (
				18B39FC7290BD2030020B475 /* Sources */,
				18B39FC8290BD2030020B475 /* Frameworks */,
				18B39FC9290BD2030020B475 /* Resources */,
			);
			buildRules = (
			);
			dependencies = (
			);
			name = Unsplash;
			packageProductDependencies = (
				18D1A483290FB989009FBD65 /* SnapKit */,
				18AA12C5290FDA9E00074253 /* Alamofire */,
				18AA1306290FF4D100074253 /* RxCocoa */,
				18AA1308290FF4D100074253 /* RxSwift */,
			);
			productName = Unsplash;
			productReference = 18B39FCB290BD2030020B475 /* Unsplash.app */;
			productType = "com.apple.product-type.application";
		};
		18B39FE0290BD2040020B475 /* UnsplashTests */ = {
			isa = PBXNativeTarget;
			buildConfigurationList = 18B39FF8290BD2040020B475 /* Build configuration list for PBXNativeTarget "UnsplashTests" */;
			buildPhases = (
				18B39FDD290BD2040020B475 /* Sources */,
				18B39FDE290BD2040020B475 /* Frameworks */,
				18B39FDF290BD2040020B475 /* Resources */,
			);
			buildRules = (
			);
			dependencies = (
				18B39FE3290BD2040020B475 /* PBXTargetDependency */,
			);
			name = UnsplashTests;
			productName = UnsplashTests;
			productReference = 18B39FE1290BD2040020B475 /* UnsplashTests.xctest */;
			productType = "com.apple.product-type.bundle.unit-test";
		};
		18B39FEA290BD2040020B475 /* UnsplashUITests */ = {
			isa = PBXNativeTarget;
			buildConfigurationList = 18B39FFB290BD2040020B475 /* Build configuration list for PBXNativeTarget "UnsplashUITests" */;
			buildPhases = (
				18B39FE7290BD2040020B475 /* Sources */,
				18B39FE8290BD2040020B475 /* Frameworks */,
				18B39FE9290BD2040020B475 /* Resources */,
			);
			buildRules = (
			);
			dependencies = (
				18B39FED290BD2040020B475 /* PBXTargetDependency */,
			);
			name = UnsplashUITests;
			productName = UnsplashUITests;
			productReference = 18B39FEB290BD2040020B475 /* UnsplashUITests.xctest */;
			productType = "com.apple.product-type.bundle.ui-testing";
		};
/* End PBXNativeTarget section */

/* Begin PBXProject section */
		18B39FC3290BD2030020B475 /* Project object */ = {
			isa = PBXProject;
			attributes = {
				BuildIndependentTargetsInParallel = 1;
				LastSwiftUpdateCheck = 1400;
				LastUpgradeCheck = 1400;
				TargetAttributes = {
					18B39FCA290BD2030020B475 = {
						CreatedOnToolsVersion = 14.0.1;
					};
					18B39FE0290BD2040020B475 = {
						CreatedOnToolsVersion = 14.0.1;
						TestTargetID = 18B39FCA290BD2030020B475;
					};
					18B39FEA290BD2040020B475 = {
						CreatedOnToolsVersion = 14.0.1;
						TestTargetID = 18B39FCA290BD2030020B475;
					};
				};
			};
			buildConfigurationList = 18B39FC6290BD2030020B475 /* Build configuration list for PBXProject "Unsplash" */;
			compatibilityVersion = "Xcode 14.0";
			developmentRegion = en;
			hasScannedForEncodings = 0;
			knownRegions = (
				en,
				Base,
			);
			mainGroup = 18B39FC2290BD2030020B475;
			packageReferences = (
				18D1A482290FB989009FBD65 /* XCRemoteSwiftPackageReference "SnapKit" */,
				18AA12C4290FDA9E00074253 /* XCRemoteSwiftPackageReference "Alamofire" */,
				18AA1305290FF4D100074253 /* XCRemoteSwiftPackageReference "RxSwift" */,
			);
			productRefGroup = 18B39FCC290BD2030020B475 /* Products */;
			projectDirPath = "";
			projectRoot = "";
			targets = (
				18B39FCA290BD2030020B475 /* Unsplash */,
				18B39FE0290BD2040020B475 /* UnsplashTests */,
				18B39FEA290BD2040020B475 /* UnsplashUITests */,
			);
		};
/* End PBXProject section */

/* Begin PBXResourcesBuildPhase section */
		18B39FC9290BD2030020B475 /* Resources */ = {
			isa = PBXResourcesBuildPhase;
			buildActionMask = 2147483647;
			files = (
				18B39FDB290BD2040020B475 /* LaunchScreen.storyboard in Resources */,
				18B39FD8290BD2040020B475 /* Assets.xcassets in Resources */,
			);
			runOnlyForDeploymentPostprocessing = 0;
		};
		18B39FDF290BD2040020B475 /* Resources */ = {
			isa = PBXResourcesBuildPhase;
			buildActionMask = 2147483647;
			files = (
			);
			runOnlyForDeploymentPostprocessing = 0;
		};
		18B39FE9290BD2040020B475 /* Resources */ = {
			isa = PBXResourcesBuildPhase;
			buildActionMask = 2147483647;
			files = (
			);
			runOnlyForDeploymentPostprocessing = 0;
		};
/* End PBXResourcesBuildPhase section */

/* Begin PBXSourcesBuildPhase section */
		18B39FC7290BD2030020B475 /* Sources */ = {
			isa = PBXSourcesBuildPhase;
			buildActionMask = 2147483647;
			files = (
				18D1A46A290F8F88009FBD65 /* Lotto.swift in Sources */,
				18B39FD3290BD2030020B475 /* MainViewController.swift in Sources */,
				18B39FCF290BD2030020B475 /* AppDelegate.swift in Sources */,
				18D1A47B290FB692009FBD65 /* Observable.swift in Sources */,
				18D1A486290FBF63009FBD65 /* ListPhoto.swift in Sources */,
				1804C13B291265B400E31F51 /* BaseViewController.swift in Sources */,
				18D1A46C290F940D009FBD65 /* PersonAPIManager.swift in Sources */,
				18D1A479290FB5C4009FBD65 /* APIKey.swift in Sources */,
				18D1A46E290F94D7009FBD65 /* Person.swift in Sources */,
				18D1A47D290FB6B8009FBD65 /* APIService.swift in Sources */,
				18B39FD1290BD2030020B475 /* SceneDelegate.swift in Sources */,
				1804C13D291265BA00E31F51 /* BaseView.swift in Sources */,
				18C8CE3A290D11D50041E3BA /* LottoAPIManager.swift in Sources */,
				1804C13F2912673600E31F51 /* MainView.swift in Sources */,
				18AA1304290FED0700074253 /* MainViewModel.swift in Sources */,
			);
			runOnlyForDeploymentPostprocessing = 0;
		};
		18B39FDD290BD2040020B475 /* Sources */ = {
			isa = PBXSourcesBuildPhase;
			buildActionMask = 2147483647;
			files = (
			);
			runOnlyForDeploymentPostprocessing = 0;
		};
		18B39FE7290BD2040020B475 /* Sources */ = {
			isa = PBXSourcesBuildPhase;
			buildActionMask = 2147483647;
			files = (
			);
			runOnlyForDeploymentPostprocessing = 0;
		};
/* End PBXSourcesBuildPhase section */

/* Begin PBXTargetDependency section */
		18B39FE3290BD2040020B475 /* PBXTargetDependency */ = {
			isa = PBXTargetDependency;
			target = 18B39FCA290BD2030020B475 /* Unsplash */;
			targetProxy = 18B39FE2290BD2040020B475 /* PBXContainerItemProxy */;
		};
		18B39FED290BD2040020B475 /* PBXTargetDependency */ = {
			isa = PBXTargetDependency;
			target = 18B39FCA290BD2030020B475 /* Unsplash */;
			targetProxy = 18B39FEC290BD2040020B475 /* PBXContainerItemProxy */;
		};
/* End PBXTargetDependency section */

/* Begin PBXVariantGroup section */
		18B39FD9290BD2040020B475 /* LaunchScreen.storyboard */ = {
			isa = PBXVariantGroup;
			children = (
				18B39FDA290BD2040020B475 /* Base */,
			);
			name = LaunchScreen.storyboard;
			sourceTree = "<group>";
		};
/* End PBXVariantGroup section */

/* Begin XCBuildConfiguration section */
		18B39FF3290BD2040020B475 /* Debug */ = {
			isa = XCBuildConfiguration;
			buildSettings = {
				ALWAYS_SEARCH_USER_PATHS = NO;
				CLANG_ANALYZER_NONNULL = YES;
				CLANG_ANALYZER_NUMBER_OBJECT_CONVERSION = YES_AGGRESSIVE;
				CLANG_CXX_LANGUAGE_STANDARD = "gnu++20";
				CLANG_ENABLE_MODULES = YES;
				CLANG_ENABLE_OBJC_ARC = YES;
				CLANG_ENABLE_OBJC_WEAK = YES;
				CLANG_WARN_BLOCK_CAPTURE_AUTORELEASING = YES;
				CLANG_WARN_BOOL_CONVERSION = YES;
				CLANG_WARN_COMMA = YES;
				CLANG_WARN_CONSTANT_CONVERSION = YES;
				CLANG_WARN_DEPRECATED_OBJC_IMPLEMENTATIONS = YES;
				CLANG_WARN_DIRECT_OBJC_ISA_USAGE = YES_ERROR;
				CLANG_WARN_DOCUMENTATION_COMMENTS = YES;
				CLANG_WARN_EMPTY_BODY = YES;
				CLANG_WARN_ENUM_CONVERSION = YES;
				CLANG_WARN_INFINITE_RECURSION = YES;
				CLANG_WARN_INT_CONVERSION = YES;
				CLANG_WARN_NON_LITERAL_NULL_CONVERSION = YES;
				CLANG_WARN_OBJC_IMPLICIT_RETAIN_SELF = YES;
				CLANG_WARN_OBJC_LITERAL_CONVERSION = YES;
				CLANG_WARN_OBJC_ROOT_CLASS = YES_ERROR;
				CLANG_WARN_QUOTED_INCLUDE_IN_FRAMEWORK_HEADER = YES;
				CLANG_WARN_RANGE_LOOP_ANALYSIS = YES;
				CLANG_WARN_STRICT_PROTOTYPES = YES;
				CLANG_WARN_SUSPICIOUS_MOVE = YES;
				CLANG_WARN_UNGUARDED_AVAILABILITY = YES_AGGRESSIVE;
				CLANG_WARN_UNREACHABLE_CODE = YES;
				CLANG_WARN__DUPLICATE_METHOD_MATCH = YES;
				COPY_PHASE_STRIP = NO;
				DEBUG_INFORMATION_FORMAT = dwarf;
				ENABLE_STRICT_OBJC_MSGSEND = YES;
				ENABLE_TESTABILITY = YES;
				GCC_C_LANGUAGE_STANDARD = gnu11;
				GCC_DYNAMIC_NO_PIC = NO;
				GCC_NO_COMMON_BLOCKS = YES;
				GCC_OPTIMIZATION_LEVEL = 0;
				GCC_PREPROCESSOR_DEFINITIONS = (
					"DEBUG=1",
					"$(inherited)",
				);
				GCC_WARN_64_TO_32_BIT_CONVERSION = YES;
				GCC_WARN_ABOUT_RETURN_TYPE = YES_ERROR;
				GCC_WARN_UNDECLARED_SELECTOR = YES;
				GCC_WARN_UNINITIALIZED_AUTOS = YES_AGGRESSIVE;
				GCC_WARN_UNUSED_FUNCTION = YES;
				GCC_WARN_UNUSED_VARIABLE = YES;
				IPHONEOS_DEPLOYMENT_TARGET = 16.0;
				MTL_ENABLE_DEBUG_INFO = INCLUDE_SOURCE;
				MTL_FAST_MATH = YES;
				ONLY_ACTIVE_ARCH = YES;
				SDKROOT = iphoneos;
				SWIFT_ACTIVE_COMPILATION_CONDITIONS = DEBUG;
				SWIFT_OPTIMIZATION_LEVEL = "-Onone";
			};
			name = Debug;
		};
		18B39FF4290BD2040020B475 /* Release */ = {
			isa = XCBuildConfiguration;
			buildSettings = {
				ALWAYS_SEARCH_USER_PATHS = NO;
				CLANG_ANALYZER_NONNULL = YES;
				CLANG_ANALYZER_NUMBER_OBJECT_CONVERSION = YES_AGGRESSIVE;
				CLANG_CXX_LANGUAGE_STANDARD = "gnu++20";
				CLANG_ENABLE_MODULES = YES;
				CLANG_ENABLE_OBJC_ARC = YES;
				CLANG_ENABLE_OBJC_WEAK = YES;
				CLANG_WARN_BLOCK_CAPTURE_AUTORELEASING = YES;
				CLANG_WARN_BOOL_CONVERSION = YES;
				CLANG_WARN_COMMA = YES;
				CLANG_WARN_CONSTANT_CONVERSION = YES;
				CLANG_WARN_DEPRECATED_OBJC_IMPLEMENTATIONS = YES;
				CLANG_WARN_DIRECT_OBJC_ISA_USAGE = YES_ERROR;
				CLANG_WARN_DOCUMENTATION_COMMENTS = YES;
				CLANG_WARN_EMPTY_BODY = YES;
				CLANG_WARN_ENUM_CONVERSION = YES;
				CLANG_WARN_INFINITE_RECURSION = YES;
				CLANG_WARN_INT_CONVERSION = YES;
				CLANG_WARN_NON_LITERAL_NULL_CONVERSION = YES;
				CLANG_WARN_OBJC_IMPLICIT_RETAIN_SELF = YES;
				CLANG_WARN_OBJC_LITERAL_CONVERSION = YES;
				CLANG_WARN_OBJC_ROOT_CLASS = YES_ERROR;
				CLANG_WARN_QUOTED_INCLUDE_IN_FRAMEWORK_HEADER = YES;
				CLANG_WARN_RANGE_LOOP_ANALYSIS = YES;
				CLANG_WARN_STRICT_PROTOTYPES = YES;
				CLANG_WARN_SUSPICIOUS_MOVE = YES;
				CLANG_WARN_UNGUARDED_AVAILABILITY = YES_AGGRESSIVE;
				CLANG_WARN_UNREACHABLE_CODE = YES;
				CLANG_WARN__DUPLICATE_METHOD_MATCH = YES;
				COPY_PHASE_STRIP = NO;
				DEBUG_INFORMATION_FORMAT = "dwarf-with-dsym";
				ENABLE_NS_ASSERTIONS = NO;
				ENABLE_STRICT_OBJC_MSGSEND = YES;
				GCC_C_LANGUAGE_STANDARD = gnu11;
				GCC_NO_COMMON_BLOCKS = YES;
				GCC_WARN_64_TO_32_BIT_CONVERSION = YES;
				GCC_WARN_ABOUT_RETURN_TYPE = YES_ERROR;
				GCC_WARN_UNDECLARED_SELECTOR = YES;
				GCC_WARN_UNINITIALIZED_AUTOS = YES_AGGRESSIVE;
				GCC_WARN_UNUSED_FUNCTION = YES;
				GCC_WARN_UNUSED_VARIABLE = YES;
				IPHONEOS_DEPLOYMENT_TARGET = 16.0;
				MTL_ENABLE_DEBUG_INFO = NO;
				MTL_FAST_MATH = YES;
				SDKROOT = iphoneos;
				SWIFT_COMPILATION_MODE = wholemodule;
				SWIFT_OPTIMIZATION_LEVEL = "-O";
				VALIDATE_PRODUCT = YES;
			};
			name = Release;
		};
		18B39FF6290BD2040020B475 /* Debug */ = {
			isa = XCBuildConfiguration;
			buildSettings = {
				ASSETCATALOG_COMPILER_APPICON_NAME = AppIcon;
				ASSETCATALOG_COMPILER_GLOBAL_ACCENT_COLOR_NAME = AccentColor;
				CODE_SIGN_STYLE = Automatic;
				CURRENT_PROJECT_VERSION = 1;
				DEVELOPMENT_TEAM = 5MHUF29PV8;
				GENERATE_INFOPLIST_FILE = YES;
				INFOPLIST_FILE = Unsplash/Info.plist;
				INFOPLIST_KEY_UIApplicationSupportsIndirectInputEvents = YES;
				INFOPLIST_KEY_UILaunchStoryboardName = LaunchScreen;
				INFOPLIST_KEY_UISupportedInterfaceOrientations_iPad = "UIInterfaceOrientationPortrait UIInterfaceOrientationPortraitUpsideDown UIInterfaceOrientationLandscapeLeft UIInterfaceOrientationLandscapeRight";
				INFOPLIST_KEY_UISupportedInterfaceOrientations_iPhone = "UIInterfaceOrientationPortrait UIInterfaceOrientationLandscapeLeft UIInterfaceOrientationLandscapeRight";
				LD_RUNPATH_SEARCH_PATHS = (
					"$(inherited)",
					"@executable_path/Frameworks",
				);
				MARKETING_VERSION = 1.0;
				PRODUCT_BUNDLE_IDENTIFIER = Unsplash.Unsplash;
				PRODUCT_NAME = "$(TARGET_NAME)";
				SWIFT_EMIT_LOC_STRINGS = YES;
				SWIFT_VERSION = 5.0;
				TARGETED_DEVICE_FAMILY = "1,2";
			};
			name = Debug;
		};
		18B39FF7290BD2040020B475 /* Release */ = {
			isa = XCBuildConfiguration;
			buildSettings = {
				ASSETCATALOG_COMPILER_APPICON_NAME = AppIcon;
				ASSETCATALOG_COMPILER_GLOBAL_ACCENT_COLOR_NAME = AccentColor;
				CODE_SIGN_STYLE = Automatic;
				CURRENT_PROJECT_VERSION = 1;
				DEVELOPMENT_TEAM = 5MHUF29PV8;
				GENERATE_INFOPLIST_FILE = YES;
				INFOPLIST_FILE = Unsplash/Info.plist;
				INFOPLIST_KEY_UIApplicationSupportsIndirectInputEvents = YES;
				INFOPLIST_KEY_UILaunchStoryboardName = LaunchScreen;
				INFOPLIST_KEY_UISupportedInterfaceOrientations_iPad = "UIInterfaceOrientationPortrait UIInterfaceOrientationPortraitUpsideDown UIInterfaceOrientationLandscapeLeft UIInterfaceOrientationLandscapeRight";
				INFOPLIST_KEY_UISupportedInterfaceOrientations_iPhone = "UIInterfaceOrientationPortrait UIInterfaceOrientationLandscapeLeft UIInterfaceOrientationLandscapeRight";
				LD_RUNPATH_SEARCH_PATHS = (
					"$(inherited)",
					"@executable_path/Frameworks",
				);
				MARKETING_VERSION = 1.0;
				PRODUCT_BUNDLE_IDENTIFIER = Unsplash.Unsplash;
				PRODUCT_NAME = "$(TARGET_NAME)";
				SWIFT_EMIT_LOC_STRINGS = YES;
				SWIFT_VERSION = 5.0;
				TARGETED_DEVICE_FAMILY = "1,2";
			};
			name = Release;
		};
		18B39FF9290BD2040020B475 /* Debug */ = {
			isa = XCBuildConfiguration;
			buildSettings = {
				ALWAYS_EMBED_SWIFT_STANDARD_LIBRARIES = YES;
				BUNDLE_LOADER = "$(TEST_HOST)";
				CODE_SIGN_STYLE = Automatic;
				CURRENT_PROJECT_VERSION = 1;
				DEVELOPMENT_TEAM = 5MHUF29PV8;
				GENERATE_INFOPLIST_FILE = YES;
				IPHONEOS_DEPLOYMENT_TARGET = 16.0;
				MARKETING_VERSION = 1.0;
				PRODUCT_BUNDLE_IDENTIFIER = Unsplash.UnsplashTests;
				PRODUCT_NAME = "$(TARGET_NAME)";
				SWIFT_EMIT_LOC_STRINGS = NO;
				SWIFT_VERSION = 5.0;
				TARGETED_DEVICE_FAMILY = "1,2";
				TEST_HOST = "$(BUILT_PRODUCTS_DIR)/Unsplash.app/$(BUNDLE_EXECUTABLE_FOLDER_PATH)/Unsplash";
			};
			name = Debug;
		};
		18B39FFA290BD2040020B475 /* Release */ = {
			isa = XCBuildConfiguration;
			buildSettings = {
				ALWAYS_EMBED_SWIFT_STANDARD_LIBRARIES = YES;
				BUNDLE_LOADER = "$(TEST_HOST)";
				CODE_SIGN_STYLE = Automatic;
				CURRENT_PROJECT_VERSION = 1;
				DEVELOPMENT_TEAM = 5MHUF29PV8;
				GENERATE_INFOPLIST_FILE = YES;
				IPHONEOS_DEPLOYMENT_TARGET = 16.0;
				MARKETING_VERSION = 1.0;
				PRODUCT_BUNDLE_IDENTIFIER = Unsplash.UnsplashTests;
				PRODUCT_NAME = "$(TARGET_NAME)";
				SWIFT_EMIT_LOC_STRINGS = NO;
				SWIFT_VERSION = 5.0;
				TARGETED_DEVICE_FAMILY = "1,2";
				TEST_HOST = "$(BUILT_PRODUCTS_DIR)/Unsplash.app/$(BUNDLE_EXECUTABLE_FOLDER_PATH)/Unsplash";
			};
			name = Release;
		};
		18B39FFC290BD2040020B475 /* Debug */ = {
			isa = XCBuildConfiguration;
			buildSettings = {
				ALWAYS_EMBED_SWIFT_STANDARD_LIBRARIES = YES;
				CODE_SIGN_STYLE = Automatic;
				CURRENT_PROJECT_VERSION = 1;
				DEVELOPMENT_TEAM = 5MHUF29PV8;
				GENERATE_INFOPLIST_FILE = YES;
				MARKETING_VERSION = 1.0;
				PRODUCT_BUNDLE_IDENTIFIER = Unsplash.UnsplashUITests;
				PRODUCT_NAME = "$(TARGET_NAME)";
				SWIFT_EMIT_LOC_STRINGS = NO;
				SWIFT_VERSION = 5.0;
				TARGETED_DEVICE_FAMILY = "1,2";
				TEST_TARGET_NAME = Unsplash;
			};
			name = Debug;
		};
		18B39FFD290BD2040020B475 /* Release */ = {
			isa = XCBuildConfiguration;
			buildSettings = {
				ALWAYS_EMBED_SWIFT_STANDARD_LIBRARIES = YES;
				CODE_SIGN_STYLE = Automatic;
				CURRENT_PROJECT_VERSION = 1;
				DEVELOPMENT_TEAM = 5MHUF29PV8;
				GENERATE_INFOPLIST_FILE = YES;
				MARKETING_VERSION = 1.0;
				PRODUCT_BUNDLE_IDENTIFIER = Unsplash.UnsplashUITests;
				PRODUCT_NAME = "$(TARGET_NAME)";
				SWIFT_EMIT_LOC_STRINGS = NO;
				SWIFT_VERSION = 5.0;
				TARGETED_DEVICE_FAMILY = "1,2";
				TEST_TARGET_NAME = Unsplash;
			};
			name = Release;
		};
/* End XCBuildConfiguration section */

/* Begin XCConfigurationList section */
		18B39FC6290BD2030020B475 /* Build configuration list for PBXProject "Unsplash" */ = {
			isa = XCConfigurationList;
			buildConfigurations = (
				18B39FF3290BD2040020B475 /* Debug */,
				18B39FF4290BD2040020B475 /* Release */,
			);
			defaultConfigurationIsVisible = 0;
			defaultConfigurationName = Release;
		};
		18B39FF5290BD2040020B475 /* Build configuration list for PBXNativeTarget "Unsplash" */ = {
			isa = XCConfigurationList;
			buildConfigurations = (
				18B39FF6290BD2040020B475 /* Debug */,
				18B39FF7290BD2040020B475 /* Release */,
			);
			defaultConfigurationIsVisible = 0;
			defaultConfigurationName = Release;
		};
		18B39FF8290BD2040020B475 /* Build configuration list for PBXNativeTarget "UnsplashTests" */ = {
			isa = XCConfigurationList;
			buildConfigurations = (
				18B39FF9290BD2040020B475 /* Debug */,
				18B39FFA290BD2040020B475 /* Release */,
			);
			defaultConfigurationIsVisible = 0;
			defaultConfigurationName = Release;
		};
		18B39FFB290BD2040020B475 /* Build configuration list for PBXNativeTarget "UnsplashUITests" */ = {
			isa = XCConfigurationList;
			buildConfigurations = (
				18B39FFC290BD2040020B475 /* Debug */,
				18B39FFD290BD2040020B475 /* Release */,
			);
			defaultConfigurationIsVisible = 0;
			defaultConfigurationName = Release;
		};
/* End XCConfigurationList section */

/* Begin XCRemoteSwiftPackageReference section */
		18AA12C4290FDA9E00074253 /* XCRemoteSwiftPackageReference "Alamofire" */ = {
			isa = XCRemoteSwiftPackageReference;
			repositoryURL = "https://github.com/Alamofire/Alamofire.git";
			requirement = {
				kind = upToNextMajorVersion;
				minimumVersion = 5.0.0;
			};
		};
		18AA1305290FF4D100074253 /* XCRemoteSwiftPackageReference "RxSwift" */ = {
			isa = XCRemoteSwiftPackageReference;
			repositoryURL = "https://github.com/ReactiveX/RxSwift.git";
			requirement = {
				kind = upToNextMajorVersion;
				minimumVersion = 6.0.0;
			};
		};
		18D1A482290FB989009FBD65 /* XCRemoteSwiftPackageReference "SnapKit" */ = {
			isa = XCRemoteSwiftPackageReference;
			repositoryURL = "https://github.com/SnapKit/SnapKit.git";
			requirement = {
				kind = upToNextMajorVersion;
				minimumVersion = 5.0.0;
			};
		};
/* End XCRemoteSwiftPackageReference section */

/* Begin XCSwiftPackageProductDependency section */
		18AA12C5290FDA9E00074253 /* Alamofire */ = {
			isa = XCSwiftPackageProductDependency;
			package = 18AA12C4290FDA9E00074253 /* XCRemoteSwiftPackageReference "Alamofire" */;
			productName = Alamofire;
		};
		18AA1306290FF4D100074253 /* RxCocoa */ = {
			isa = XCSwiftPackageProductDependency;
			package = 18AA1305290FF4D100074253 /* XCRemoteSwiftPackageReference "RxSwift" */;
			productName = RxCocoa;
		};
		18AA1308290FF4D100074253 /* RxSwift */ = {
			isa = XCSwiftPackageProductDependency;
			package = 18AA1305290FF4D100074253 /* XCRemoteSwiftPackageReference "RxSwift" */;
			productName = RxSwift;
		};
		18D1A483290FB989009FBD65 /* SnapKit */ = {
			isa = XCSwiftPackageProductDependency;
			package = 18D1A482290FB989009FBD65 /* XCRemoteSwiftPackageReference "SnapKit" */;
			productName = SnapKit;
		};
/* End XCSwiftPackageProductDependency section */
	};
	rootObject = 18B39FC3290BD2030020B475 /* Project object */;
}
